
Microsoft Visual Studio Solution File, Format Version 12.00
# Visual Studio Version 17
VisualStudioVersion = 17.6.33712.159
MinimumVisualStudioVersion = 10.0.40219.1
Project("{FAE04EC0-301F-11D3-BF4B-00C04F79EFBC}") = "QHRMAssigment", "QHRMAssigment\QHRMAssigment.csproj", "{6A55A996-0057-43E7-9CF6-54609B707244}"
EndProject
Global
	GlobalSection(SolutionConfigurationPlatforms) = preSolution
		Debug|Any CPU = Debug|Any CPU
		Release|Any CPU = Release|Any CPU
	EndGlobalSection
	GlobalSection(ProjectConfigurationPlatforms) = postSolution
		{6A55A996-0057-43E7-9CF6-54609B707244}.Debug|Any CPU.ActiveCfg = Debug|Any CPU
		{6A55A996-0057-43E7-9CF6-54609B707244}.Debug|Any CPU.Build.0 = Debug|Any CPU
		{6A55A996-0057-43E7-9CF6-54609B707244}.Release|Any CPU.ActiveCfg = Release|Any CPU
		{6A55A996-0057-43E7-9CF6-54609B707244}.Release|Any CPU.Build.0 = Release|Any CPU
	EndGlobalSection
	GlobalSection(SolutionProperties) = preSolution
		HideSolutionNode = FALSE
	EndGlobalSection
	GlobalSection(ExtensibilityGlobals) = postSolution
		SolutionGuid = {872BD64F-4888-42F5-804C-7353638A814B}
	EndGlobalSection
EndGlobal
